
Microsoft Visual Studio Solution File, Format Version 12.00
# Visual Studio Version 17
VisualStudioVersion = 17.10.35013.160
MinimumVisualStudioVersion = 10.0.40219.1
Project("{9A19103F-16F7-4668-BE54-9A1E7A4F7556}") = "Blogi.Web", "Blogi.Web\Blogi.Web.csproj", "{F5063AD5-412C-4569-8891-9B9ACD642B50}"
EndProject
Global
	GlobalSection(SolutionConfigurationPlatforms) = preSolution
		Debug|Any CPU = Debug|Any CPU
		Release|Any CPU = Release|Any CPU
	EndGlobalSection
	GlobalSection(ProjectConfigurationPlatforms) = postSolution
		{F5063AD5-412C-4569-8891-9B9ACD642B50}.Debug|Any CPU.ActiveCfg = Debug|Any CPU
		{F5063AD5-412C-4569-8891-9B9ACD642B50}.Debug|Any CPU.Build.0 = Debug|Any CPU
		{F5063AD5-412C-4569-8891-9B9ACD642B50}.Release|Any CPU.ActiveCfg = Release|Any CPU
		{F5063AD5-412C-4569-8891-9B9ACD642B50}.Release|Any CPU.Build.0 = Release|Any CPU
	EndGlobalSection
	GlobalSection(SolutionProperties) = preSolution
		HideSolutionNode = FALSE
	EndGlobalSection
	GlobalSection(ExtensibilityGlobals) = postSolution
		SolutionGuid = {5048E90C-4A3E-484F-A40A-AEDFB58E474D}
	EndGlobalSection
EndGlobal
